
Microsoft Visual Studio Solution File, Format Version 12.00
# Visual Studio 15
VisualStudioVersion = 15.0.27703.2042
MinimumVisualStudioVersion = 10.0.40219.1
Project("{9A19103F-16F7-4668-BE54-9A1E7A4F7556}") = "PushNotificationAPI", "PushNotificationAPI\PushNotificationAPI.csproj", "{569D385A-82AE-4699-8653-2A52E9403412}"
EndProject
Project("{9A19103F-16F7-4668-BE54-9A1E7A4F7556}") = "PushNotificationService", "..\PushNotificationService\PushNotificationService.csproj", "{5EA10FC5-5E74-4E26-BF4F-1389DE925634}"
EndProject
Global
	GlobalSection(SolutionConfigurationPlatforms) = preSolution
		Debug|Any CPU = Debug|Any CPU
		Release|Any CPU = Release|Any CPU
	EndGlobalSection
	GlobalSection(ProjectConfigurationPlatforms) = postSolution
		{569D385A-82AE-4699-8653-2A52E9403412}.Debug|Any CPU.ActiveCfg = Debug|Any CPU
		{569D385A-82AE-4699-8653-2A52E9403412}.Debug|Any CPU.Build.0 = Debug|Any CPU
		{569D385A-82AE-4699-8653-2A52E9403412}.Release|Any CPU.ActiveCfg = Release|Any CPU
		{569D385A-82AE-4699-8653-2A52E9403412}.Release|Any CPU.Build.0 = Release|Any CPU
		{5EA10FC5-5E74-4E26-BF4F-1389DE925634}.Debug|Any CPU.ActiveCfg = Debug|Any CPU
		{5EA10FC5-5E74-4E26-BF4F-1389DE925634}.Debug|Any CPU.Build.0 = Debug|Any CPU
		{5EA10FC5-5E74-4E26-BF4F-1389DE925634}.Release|Any CPU.ActiveCfg = Release|Any CPU
		{5EA10FC5-5E74-4E26-BF4F-1389DE925634}.Release|Any CPU.Build.0 = Release|Any CPU
	EndGlobalSection
	GlobalSection(SolutionProperties) = preSolution
		HideSolutionNode = FALSE
	EndGlobalSection
	GlobalSection(ExtensibilityGlobals) = postSolution
		SolutionGuid = {103DA4C0-8E62-499D-8621-03CD42B149A1}
	EndGlobalSection
EndGlobal
